
Microsoft Visual Studio Solution File, Format Version 12.00
# Visual Studio Version 16
VisualStudioVersion = 16.0.30225.117
MinimumVisualStudioVersion = 10.0.40219.1
Project("{F184B08F-C81C-45F6-A57F-5ABD9991F28F}") = "Chrome_cookies_stealer", "Chrome_cookies_stealer.vbproj", "{9B8CECE4-93C5-4CE0-9364-ADB8008FBF5C}"
EndProject
Global
	GlobalSection(SolutionConfigurationPlatforms) = preSolution
		Debug|Any CPU = Debug|Any CPU
		Release|Any CPU = Release|Any CPU
	EndGlobalSection
	GlobalSection(ProjectConfigurationPlatforms) = postSolution
		{9B8CECE4-93C5-4CE0-9364-ADB8008FBF5C}.Debug|Any CPU.ActiveCfg = Debug|Any CPU
		{9B8CECE4-93C5-4CE0-9364-ADB8008FBF5C}.Debug|Any CPU.Build.0 = Debug|Any CPU
		{9B8CECE4-93C5-4CE0-9364-ADB8008FBF5C}.Release|Any CPU.ActiveCfg = Release|Any CPU
		{9B8CECE4-93C5-4CE0-9364-ADB8008FBF5C}.Release|Any CPU.Build.0 = Release|Any CPU
	EndGlobalSection
	GlobalSection(SolutionProperties) = preSolution
		HideSolutionNode = FALSE
	EndGlobalSection
	GlobalSection(ExtensibilityGlobals) = postSolution
		SolutionGuid = {EB708474-113C-4A16-8349-D76FF1F6229A}
	EndGlobalSection
EndGlobal
